
Microsoft Visual Studio Solution File, Format Version 12.00
# Visual Studio Version 17
VisualStudioVersion = 17.3.32819.101
MinimumVisualStudioVersion = 10.0.40219.1
Project("{FAE04EC0-301F-11D3-BF4B-00C04F79EFBC}") = "BlazorVideoPlayServer", "BlazorVideoPlayServer\BlazorVideoPlayServer.csproj", "{44B0BFB7-0CB2-4EC1-ADFF-DE1F79A2A662}"
EndProject
Global
	GlobalSection(SolutionConfigurationPlatforms) = preSolution
		Debug|Any CPU = Debug|Any CPU
		Release|Any CPU = Release|Any CPU
	EndGlobalSection
	GlobalSection(ProjectConfigurationPlatforms) = postSolution
		{44B0BFB7-0CB2-4EC1-ADFF-DE1F79A2A662}.Debug|Any CPU.ActiveCfg = Debug|Any CPU
		{44B0BFB7-0CB2-4EC1-ADFF-DE1F79A2A662}.Debug|Any CPU.Build.0 = Debug|Any CPU
		{44B0BFB7-0CB2-4EC1-ADFF-DE1F79A2A662}.Release|Any CPU.ActiveCfg = Release|Any CPU
		{44B0BFB7-0CB2-4EC1-ADFF-DE1F79A2A662}.Release|Any CPU.Build.0 = Release|Any CPU
	EndGlobalSection
	GlobalSection(SolutionProperties) = preSolution
		HideSolutionNode = FALSE
	EndGlobalSection
	GlobalSection(ExtensibilityGlobals) = postSolution
		SolutionGuid = {949C0043-82C5-4885-81FD-6B5BD630610E}
	EndGlobalSection
EndGlobal
